
Microsoft Visual Studio Solution File, Format Version 12.00
# Visual Studio 15
VisualStudioVersion = 15.0.27428.2043
MinimumVisualStudioVersion = 10.0.40219.1
Project("{FAE04EC0-301F-11D3-BF4B-00C04F79EFBC}") = "LabNumber11GC", "LabNumber11GC\LabNumber11GC.csproj", "{ECD7645A-080C-4331-BE60-865CF5D38FB7}"
EndProject
Global
	GlobalSection(SolutionConfigurationPlatforms) = preSolution
		Debug|Any CPU = Debug|Any CPU
		Release|Any CPU = Release|Any CPU
	EndGlobalSection
	GlobalSection(ProjectConfigurationPlatforms) = postSolution
		{ECD7645A-080C-4331-BE60-865CF5D38FB7}.Debug|Any CPU.ActiveCfg = Debug|Any CPU
		{ECD7645A-080C-4331-BE60-865CF5D38FB7}.Debug|Any CPU.Build.0 = Debug|Any CPU
		{ECD7645A-080C-4331-BE60-865CF5D38FB7}.Release|Any CPU.ActiveCfg = Release|Any CPU
		{ECD7645A-080C-4331-BE60-865CF5D38FB7}.Release|Any CPU.Build.0 = Release|Any CPU
	EndGlobalSection
	GlobalSection(SolutionProperties) = preSolution
		HideSolutionNode = FALSE
	EndGlobalSection
	GlobalSection(ExtensibilityGlobals) = postSolution
		SolutionGuid = {B5A14245-F469-460E-B333-769338B8FF9E}
	EndGlobalSection
EndGlobal
